# This file is automatically @generated by Cargo.
# It is not intended for manual editing.
version = 4

[[package]]
name = "ferric-api"
version = "0.1.0"

[[package]]
name = "ferric-kernel"
version = "0.1.0"
dependencies = [
 "ferric-api",
 "ferric-safe-core",
 "ferric-unsafe-core",
]

[[package]]
name = "ferric-safe-core"
version = "0.1.0"
dependencies = [
 "ferric-api",
]

[[package]]
name = "ferric-unsafe-core"
version = "0.1.0"
dependencies = [
 "ferric-api",
]
